
Microsoft Visual Studio Solution File, Format Version 10.00
# Visual Studio 2008
Project("{FAE04EC0-301F-11D3-BF4B-00C04F79EFBC}") = "RFIDView", "RFIDView\RFIDView.csproj", "{A048D058-E755-4786-8C43-87627CC938E9}"
EndProject
Project("{FAE04EC0-301F-11D3-BF4B-00C04F79EFBC}") = "RFIDBModule", "..\RFIDBModule\RFIDBModule\RFIDBModule.csproj", "{EB769734-6667-49AC-9F45-D8840EFD020A}"
EndProject
Global
	GlobalSection(SolutionConfigurationPlatforms) = preSolution
		Debug|Any CPU = Debug|Any CPU
		Release|Any CPU = Release|Any CPU
	EndGlobalSection
	GlobalSection(ProjectConfigurationPlatforms) = postSolution
		{A048D058-E755-4786-8C43-87627CC938E9}.Debug|Any CPU.ActiveCfg = Debug|Any CPU
		{A048D058-E755-4786-8C43-87627CC938E9}.Debug|Any CPU.Build.0 = Debug|Any CPU
		{A048D058-E755-4786-8C43-87627CC938E9}.Release|Any CPU.ActiveCfg = Release|Any CPU
		{A048D058-E755-4786-8C43-87627CC938E9}.Release|Any CPU.Build.0 = Release|Any CPU
		{EB769734-6667-49AC-9F45-D8840EFD020A}.Debug|Any CPU.ActiveCfg = Debug|Any CPU
		{EB769734-6667-49AC-9F45-D8840EFD020A}.Debug|Any CPU.Build.0 = Debug|Any CPU
		{EB769734-6667-49AC-9F45-D8840EFD020A}.Release|Any CPU.ActiveCfg = Release|Any CPU
		{EB769734-6667-49AC-9F45-D8840EFD020A}.Release|Any CPU.Build.0 = Release|Any CPU
	EndGlobalSection
	GlobalSection(SolutionProperties) = preSolution
		HideSolutionNode = FALSE
	EndGlobalSection
EndGlobal
